dependencies:
- name: eck-operator
  repository: https://helm.elastic.co
  version: 2.4.0
- name: fluentd
  repository: https://fluent.github.io/helm-charts
  version: 0.3.9
- name: loki
  repository: https://grafana.github.io/helm-charts
  version: 3.3.0
digest: sha256:483ebe1bd229303e1e4ac73f8c1f4a924ff8708365a2243b3f995cecfdbb6757
generated: "2022-12-17T10:51:08.235903748+01:00"
